// !$*UTF8*$!
{
	archiveVersion = 1;
	classes = {
	};
	objectVersion = 50;
	objects = {

/* Begin PBXBuildFile section */
		47F120BF24413869006CB18A /* AppDelegate.swift in Sources */ = {isa = PBXBuildFile; fileRef = 47F120BE24413869006CB18A /* AppDelegate.swift */; };
		47F120C724413869006CB18A /* CodingAssign.xcdatamodeld in Sources */ = {isa = PBXBuildFile; fileRef = 47F120C524413869006CB18A /* CodingAssign.xcdatamodeld */; };
		47F120C92441386D006CB18A /* Assets.xcassets in Resources */ = {isa = PBXBuildFile; fileRef = 47F120C82441386D006CB18A /* Assets.xcassets */; };
		47F120CC2441386D006CB18A /* LaunchScreen.storyboard in Resources */ = {isa = PBXBuildFile; fileRef = 47F120CA2441386D006CB18A /* LaunchScreen.storyboard */; };
		47F120E224413AF2006CB18A /* ViewController.swift in Sources */ = {isa = PBXBuildFile; fileRef = 47F120E124413AF2006CB18A /* ViewController.swift */; };
		47F120E424413D79006CB18A /* MusicStruct.swift in Sources */ = {isa = PBXBuildFile; fileRef = 47F120E324413D79006CB18A /* MusicStruct.swift */; };
		47F120E624414373006CB18A /* ViewModel.swift in Sources */ = {isa = PBXBuildFile; fileRef = 47F120E524414373006CB18A /* ViewModel.swift */; };
		47F120ED244223AC006CB18A /* TableViewCell.swift in Sources */ = {isa = PBXBuildFile; fileRef = 47F120EC244223AC006CB18A /* TableViewCell.swift */; };
		47F120EF24422815006CB18A /* ViewModelLoadImage.swift in Sources */ = {isa = PBXBuildFile; fileRef = 47F120EE24422815006CB18A /* ViewModelLoadImage.swift */; };
		47F120F3244294AE006CB18A /* DetailViewController.swift in Sources */ = {isa = PBXBuildFile; fileRef = 47F120F2244294AE006CB18A /* DetailViewController.swift */; };
		47F120FB2448CD5B006CB18A /* CodingAssignTestNetwork.swift in Sources */ = {isa = PBXBuildFile; fileRef = 47F120FA2448CD5B006CB18A /* CodingAssignTestNetwork.swift */; };
		47F121032448CDAE006CB18A /* NetworkController.swift in Sources */ = {isa = PBXBuildFile; fileRef = 47F121022448CDAE006CB18A /* NetworkController.swift */; };
		47F121062448CDFF006CB18A /* NetworkError.swift in Sources */ = {isa = PBXBuildFile; fileRef = 47F121052448CDFF006CB18A /* NetworkError.swift */; };
		47F1210A2448E365006CB18A /* CodingAssignTests.swift in Sources */ = {isa = PBXBuildFile; fileRef = 47F120D62441386D006CB18A /* CodingAssignTests.swift */; };
		47F1210C244908FE006CB18A /* URLMockSession.swift in Sources */ = {isa = PBXBuildFile; fileRef = 47F1210B244908FE006CB18A /* URLMockSession.swift */; };
/* End PBXBuildFile section */

/* Begin PBXContainerItemProxy section */
		47F120D32441386D006CB18A /* PBXContainerItemProxy */ = {
			isa = PBXContainerItemProxy;
			containerPortal = 47F120B324413869006CB18A /* Project object */;
			proxyType = 1;
			remoteGlobalIDString = 47F120BA24413869006CB18A;
			remoteInfo = CodingAssign;
		};
		47F120FD2448CD5B006CB18A /* PBXContainerItemProxy */ = {
			isa = PBXContainerItemProxy;
			containerPortal = 47F120B324413869006CB18A /* Project object */;
			proxyType = 1;
			remoteGlobalIDString = 47F120BA24413869006CB18A;
			remoteInfo = CodingAssign;
		};
/* End PBXContainerItemProxy section */

/* Begin PBXFileReference section */
		47F120BB24413869006CB18A /* CodingAssign.app */ = {isa = PBXFileReference; explicitFileType = wrapper.application; includeInIndex = 0; path = CodingAssign.app; sourceTree = BUILT_PRODUCTS_DIR; };
		47F120BE24413869006CB18A /* AppDelegate.swift */ = {isa = PBXFileReference; lastKnownFileType = sourcecode.swift; path = AppDelegate.swift; sourceTree = "<group>"; };
		47F120C624413869006CB18A /* CodingAssign.xcdatamodel */ = {isa = PBXFileReference; lastKnownFileType = wrapper.xcdatamodel; path = CodingAssign.xcdatamodel; sourceTree = "<group>"; };
		47F120C82441386D006CB18A /* Assets.xcassets */ = {isa = PBXFileReference; lastKnownFileType = folder.assetcatalog; path = Assets.xcassets; sourceTree = "<group>"; };
		47F120CB2441386D006CB18A /* Base */ = {isa = PBXFileReference; lastKnownFileType = file.storyboard; name = Base; path = Base.lproj/LaunchScreen.storyboard; sourceTree = "<group>"; };
		47F120CD2441386D006CB18A /* Info.plist */ = {isa = PBXFileReference; lastKnownFileType = text.plist.xml; path = Info.plist; sourceTree = "<group>"; };
		47F120D22441386D006CB18A /* CodingAssignTests.xctest */ = {isa = PBXFileReference; explicitFileType = wrapper.cfbundle; includeInIndex = 0; path = CodingAssignTests.xctest; sourceTree = BUILT_PRODUCTS_DIR; };
		47F120D62441386D006CB18A /* CodingAssignTests.swift */ = {isa = PBXFileReference; lastKnownFileType = sourcecode.swift; path = CodingAssignTests.swift; sourceTree = "<group>"; };
		47F120D82441386D006CB18A /* Info.plist */ = {isa = PBXFileReference; lastKnownFileType = text.plist.xml; path = Info.plist; sourceTree = "<group>"; };
		47F120E124413AF2006CB18A /* ViewController.swift */ = {isa = PBXFileReference; lastKnownFileType = sourcecode.swift; path = ViewController.swift; sourceTree = "<group>"; };
		47F120E324413D79006CB18A /* MusicStruct.swift */ = {isa = PBXFileReference; lastKnownFileType = sourcecode.swift; path = MusicStruct.swift; sourceTree = "<group>"; };
		47F120E524414373006CB18A /* ViewModel.swift */ = {isa = PBXFileReference; lastKnownFileType = sourcecode.swift; path = ViewModel.swift; sourceTree = "<group>"; };
		47F120EC244223AC006CB18A /* TableViewCell.swift */ = {isa = PBXFileReference; lastKnownFileType = sourcecode.swift; name = TableViewCell.swift; path = CodingAssign/View/TableViewCell.swift; sourceTree = SOURCE_ROOT; };
		47F120EE24422815006CB18A /* ViewModelLoadImage.swift */ = {isa = PBXFileReference; lastKnownFileType = sourcecode.swift; path = ViewModelLoadImage.swift; sourceTree = "<group>"; };
		47F120F2244294AE006CB18A /* DetailViewController.swift */ = {isa = PBXFileReference; lastKnownFileType = sourcecode.swift; path = DetailViewController.swift; sourceTree = "<group>"; };
		47F120F82448CD5B006CB18A /* CodingAssignTestNetwork.xctest */ = {isa = PBXFileReference; explicitFileType = wrapper.cfbundle; includeInIndex = 0; path = CodingAssignTestNetwork.xctest; sourceTree = BUILT_PRODUCTS_DIR; };
		47F120FA2448CD5B006CB18A /* CodingAssignTestNetwork.swift */ = {isa = PBXFileReference; lastKnownFileType = sourcecode.swift; path = CodingAssignTestNetwork.swift; sourceTree = "<group>"; };
		47F120FC2448CD5B006CB18A /* Info.plist */ = {isa = PBXFileReference; lastKnownFileType = text.plist.xml; path = Info.plist; sourceTree = "<group>"; };
		47F121022448CDAE006CB18A /* NetworkController.swift */ = {isa = PBXFileReference; lastKnownFileType = sourcecode.swift; path = NetworkController.swift; sourceTree = "<group>"; };
		47F121052448CDFF006CB18A /* NetworkError.swift */ = {isa = PBXFileReference; lastKnownFileType = sourcecode.swift; path = NetworkError.swift; sourceTree = "<group>"; };
		47F1210B244908FE006CB18A /* URLMockSession.swift */ = {isa = PBXFileReference; lastKnownFileType = sourcecode.swift; path = URLMockSession.swift; sourceTree = "<group>"; };
/* End PBXFileReference section */

/* Begin PBXFrameworksBuildPhase section */
		47F120B824413869006CB18A /* Frameworks */ = {
			isa = PBXFrameworksBuildPhase;
			buildActionMask = 2147483647;
			files = (
			);
			runOnlyForDeploymentPostprocessing = 0;
		};
		47F120CF2441386D006CB18A /* Frameworks */ = {
			isa = PBXFrameworksBuildPhase;
			buildActionMask = 2147483647;
			files = (
			);
			runOnlyForDeploymentPostprocessing = 0;
		};
		47F120F52448CD5B006CB18A /* Frameworks */ = {
			isa = PBXFrameworksBuildPhase;
			buildActionMask = 2147483647;
			files = (
			);
			runOnlyForDeploymentPostprocessing = 0;
		};
/* End PBXFrameworksBuildPhase section */

/* Begin PBXGroup section */
		47F120B224413869006CB18A = {
			isa = PBXGroup;
			children = (
				47F120BD24413869006CB18A /* CodingAssign */,
				47F120D52441386D006CB18A /* CodingAssignTests */,
				47F120F92448CD5B006CB18A /* CodingAssignTestNetwork */,
				47F120BC24413869006CB18A /* Products */,
			);
			sourceTree = "<group>";
		};
		47F120BC24413869006CB18A /* Products */ = {
			isa = PBXGroup;
			children = (
				47F120BB24413869006CB18A /* CodingAssign.app */,
				47F120D22441386D006CB18A /* CodingAssignTests.xctest */,
				47F120F82448CD5B006CB18A /* CodingAssignTestNetwork.xctest */,
			);
			name = Products;
			sourceTree = "<group>";
		};
		47F120BD24413869006CB18A /* CodingAssign */ = {
			isa = PBXGroup;
			children = (
				47F120BE24413869006CB18A /* AppDelegate.swift */,
				47F120C82441386D006CB18A /* Assets.xcassets */,
				47F120EB24415656006CB18A /* View */,
				47F120E724415620006CB18A /* Model */,
				47F120EA2441563E006CB18A /* ViewModel */,
				47F120CA2441386D006CB18A /* LaunchScreen.storyboard */,
				47F121042448CDE0006CB18A /* NetworkLayer */,
				47F120CD2441386D006CB18A /* Info.plist */,
				47F120C524413869006CB18A /* CodingAssign.xcdatamodeld */,
			);
			path = CodingAssign;
			sourceTree = "<group>";
		};
		47F120D52441386D006CB18A /* CodingAssignTests */ = {
			isa = PBXGroup;
			children = (
				47F120D62441386D006CB18A /* CodingAssignTests.swift */,
				47F120D82441386D006CB18A /* Info.plist */,
			);
			path = CodingAssignTests;
			sourceTree = "<group>";
		};
		47F120E724415620006CB18A /* Model */ = {
			isa = PBXGroup;
			children = (
				47F120E324413D79006CB18A /* MusicStruct.swift */,
			);
			path = Model;
			sourceTree = "<group>";
		};
		47F120EA2441563E006CB18A /* ViewModel */ = {
			isa = PBXGroup;
			children = (
				47F120E524414373006CB18A /* ViewModel.swift */,
				47F120EE24422815006CB18A /* ViewModelLoadImage.swift */,
			);
			path = ViewModel;
			sourceTree = "<group>";
		};
		47F120EB24415656006CB18A /* View */ = {
			isa = PBXGroup;
			children = (
				47F120EC244223AC006CB18A /* TableViewCell.swift */,
				47F120F2244294AE006CB18A /* DetailViewController.swift */,
				47F120E124413AF2006CB18A /* ViewController.swift */,
			);
			path = View;
			sourceTree = "<group>";
		};
		47F120F92448CD5B006CB18A /* CodingAssignTestNetwork */ = {
			isa = PBXGroup;
			children = (
				47F120FA2448CD5B006CB18A /* CodingAssignTestNetwork.swift */,
				47F1210B244908FE006CB18A /* URLMockSession.swift */,
				47F120FC2448CD5B006CB18A /* Info.plist */,
			);
			path = CodingAssignTestNetwork;
			sourceTree = "<group>";
		};
		47F121042448CDE0006CB18A /* NetworkLayer */ = {
			isa = PBXGroup;
			children = (
				47F121022448CDAE006CB18A /* NetworkController.swift */,
				47F121052448CDFF006CB18A /* NetworkError.swift */,
			);
			path = NetworkLayer;
			sourceTree = "<group>";
		};
/* End PBXGroup section */

/* Begin PBXNativeTarget section */
		47F120BA24413869006CB18A /* CodingAssign */ = {
			isa = PBXNativeTarget;
			buildConfigurationList = 47F120DB2441386D006CB18A /* Build configuration list for PBXNativeTarget "CodingAssign" */;
			buildPhases = (
				47F120B724413869006CB18A /* Sources */,
				47F120B824413869006CB18A /* Frameworks */,
				47F120B924413869006CB18A /* Resources */,
			);
			buildRules = (
			);
			dependencies = (
			);
			name = CodingAssign;
			productName = CodingAssign;
			productReference = 47F120BB24413869006CB18A /* CodingAssign.app */;
			productType = "com.apple.product-type.application";
		};
		47F120D12441386D006CB18A /* CodingAssignTests */ = {
			isa = PBXNativeTarget;
			buildConfigurationList = 47F120DE2441386D006CB18A /* Build configuration list for PBXNativeTarget "CodingAssignTests" */;
			buildPhases = (
				47F120CE2441386D006CB18A /* Sources */,
				47F120CF2441386D006CB18A /* Frameworks */,
				47F120D02441386D006CB18A /* Resources */,
			);
			buildRules = (
			);
			dependencies = (
				47F120D42441386D006CB18A /* PBXTargetDependency */,
			);
			name = CodingAssignTests;
			productName = CodingAssignTests;
			productReference = 47F120D22441386D006CB18A /* CodingAssignTests.xctest */;
			productType = "com.apple.product-type.bundle.unit-test";
		};
		47F120F72448CD5B006CB18A /* CodingAssignTestNetwork */ = {
			isa = PBXNativeTarget;
			buildConfigurationList = 47F120FF2448CD5B006CB18A /* Build configuration list for PBXNativeTarget "CodingAssignTestNetwork" */;
			buildPhases = (
				47F120F42448CD5B006CB18A /* Sources */,
				47F120F52448CD5B006CB18A /* Frameworks */,
				47F120F62448CD5B006CB18A /* Resources */,
			);
			buildRules = (
			);
			dependencies = (
				47F120FE2448CD5B006CB18A /* PBXTargetDependency */,
			);
			name = CodingAssignTestNetwork;
			productName = CodingAssignTestNetwork;
			productReference = 47F120F82448CD5B006CB18A /* CodingAssignTestNetwork.xctest */;
			productType = "com.apple.product-type.bundle.unit-test";
		};
/* End PBXNativeTarget section */

/* Begin PBXProject section */
		47F120B324413869006CB18A /* Project object */ = {
			isa = PBXProject;
			attributes = {
				LastSwiftUpdateCheck = 1020;
				LastUpgradeCheck = 1020;
				ORGANIZATIONNAME = "Ruoming Gao";
				TargetAttributes = {
					47F120BA24413869006CB18A = {
						CreatedOnToolsVersion = 10.2.1;
					};
					47F120D12441386D006CB18A = {
						CreatedOnToolsVersion = 10.2.1;
						TestTargetID = 47F120BA24413869006CB18A;
					};
					47F120F72448CD5B006CB18A = {
						CreatedOnToolsVersion = 10.2.1;
						TestTargetID = 47F120BA24413869006CB18A;
					};
				};
			};
			buildConfigurationList = 47F120B624413869006CB18A /* Build configuration list for PBXProject "CodingAssign" */;
			compatibilityVersion = "Xcode 9.3";
			developmentRegion = en;
			hasScannedForEncodings = 0;
			knownRegions = (
				en,
				Base,
			);
			mainGroup = 47F120B224413869006CB18A;
			productRefGroup = 47F120BC24413869006CB18A /* Products */;
			projectDirPath = "";
			projectRoot = "";
			targets = (
				47F120BA24413869006CB18A /* CodingAssign */,
				47F120D12441386D006CB18A /* CodingAssignTests */,
				47F120F72448CD5B006CB18A /* CodingAssignTestNetwork */,
			);
		};
/* End PBXProject section */

/* Begin PBXResourcesBuildPhase section */
		47F120B924413869006CB18A /* Resources */ = {
			isa = PBXResourcesBuildPhase;
			buildActionMask = 2147483647;
			files = (
				47F120CC2441386D006CB18A /* LaunchScreen.storyboard in Resources */,
				47F120C92441386D006CB18A /* Assets.xcassets in Resources */,
			);
			runOnlyForDeploymentPostprocessing = 0;
		};
		47F120D02441386D006CB18A /* Resources */ = {
			isa = PBXResourcesBuildPhase;
			buildActionMask = 2147483647;
			files = (
			);
			runOnlyForDeploymentPostprocessing = 0;
		};
		47F120F62448CD5B006CB18A /* Resources */ = {
			isa = PBXResourcesBuildPhase;
			buildActionMask = 2147483647;
			files = (
			);
			runOnlyForDeploymentPostprocessing = 0;
		};
/* End PBXResourcesBuildPhase section */

/* Begin PBXSourcesBuildPhase section */
		47F120B724413869006CB18A /* Sources */ = {
			isa = PBXSourcesBuildPhase;
			buildActionMask = 2147483647;
			files = (
				47F120E624414373006CB18A /* ViewModel.swift in Sources */,
				47F120C724413869006CB18A /* CodingAssign.xcdatamodeld in Sources */,
				47F120BF24413869006CB18A /* AppDelegate.swift in Sources */,
				47F120EF24422815006CB18A /* ViewModelLoadImage.swift in Sources */,
				47F120ED244223AC006CB18A /* TableViewCell.swift in Sources */,
				47F120E424413D79006CB18A /* MusicStruct.swift in Sources */,
				47F120E224413AF2006CB18A /* ViewController.swift in Sources */,
				47F120F3244294AE006CB18A /* DetailViewController.swift in Sources */,
				47F121032448CDAE006CB18A /* NetworkController.swift in Sources */,
				47F121062448CDFF006CB18A /* NetworkError.swift in Sources */,
			);
			runOnlyForDeploymentPostprocessing = 0;
		};
		47F120CE2441386D006CB18A /* Sources */ = {
			isa = PBXSourcesBuildPhase;
			buildActionMask = 2147483647;
			files = (
				47F1210A2448E365006CB18A /* CodingAssignTests.swift in Sources */,
			);
			runOnlyForDeploymentPostprocessing = 0;
		};
		47F120F42448CD5B006CB18A /* Sources */ = {
			isa = PBXSourcesBuildPhase;
			buildActionMask = 2147483647;
			files = (
				47F1210C244908FE006CB18A /* URLMockSession.swift in Sources */,
				47F120FB2448CD5B006CB18A /* CodingAssignTestNetwork.swift in Sources */,
			);
			runOnlyForDeploymentPostprocessing = 0;
		};
/* End PBXSourcesBuildPhase section */

/* Begin PBXTargetDependency section */
		47F120D42441386D006CB18A /* PBXTargetDependency */ = {
			isa = PBXTargetDependency;
			target = 47F120BA24413869006CB18A /* CodingAssign */;
			targetProxy = 47F120D32441386D006CB18A /* PBXContainerItemProxy */;
		};
		47F120FE2448CD5B006CB18A /* PBXTargetDependency */ = {
			isa = PBXTargetDependency;
			target = 47F120BA24413869006CB18A /* CodingAssign */;
			targetProxy = 47F120FD2448CD5B006CB18A /* PBXContainerItemProxy */;
		};
/* End PBXTargetDependency section */

/* Begin PBXVariantGroup section */
		47F120CA2441386D006CB18A /* LaunchScreen.storyboard */ = {
			isa = PBXVariantGroup;
			children = (
				47F120CB2441386D006CB18A /* Base */,
			);
			name = LaunchScreen.storyboard;
			sourceTree = "<group>";
		};
/* End PBXVariantGroup section */

/* Begin XCBuildConfiguration section */
		47F120D92441386D006CB18A /* Debug */ = {
			isa = XCBuildConfiguration;
			buildSettings = {
				ALWAYS_SEARCH_USER_PATHS = NO;
				CLANG_ANALYZER_NONNULL = YES;
				CLANG_ANALYZER_NUMBER_OBJECT_CONVERSION = YES_AGGRESSIVE;
				CLANG_CXX_LANGUAGE_STANDARD = "gnu++14";
				CLANG_CXX_LIBRARY = "libc++";
				CLANG_ENABLE_MODULES = YES;
				CLANG_ENABLE_OBJC_ARC = YES;
				CLANG_ENABLE_OBJC_WEAK = YES;
				CLANG_WARN_BLOCK_CAPTURE_AUTORELEASING = YES;
				CLANG_WARN_BOOL_CONVERSION = YES;
				CLANG_WARN_COMMA = YES;
				CLANG_WARN_CONSTANT_CONVERSION = YES;
				CLANG_WARN_DEPRECATED_OBJC_IMPLEMENTATIONS = YES;
				CLANG_WARN_DIRECT_OBJC_ISA_USAGE = YES_ERROR;
				CLANG_WARN_DOCUMENTATION_COMMENTS = YES;
				CLANG_WARN_EMPTY_BODY = YES;
				CLANG_WARN_ENUM_CONVERSION = YES;
				CLANG_WARN_INFINITE_RECURSION = YES;
				CLANG_WARN_INT_CONVERSION = YES;
				CLANG_WARN_NON_LITERAL_NULL_CONVERSION = YES;
				CLANG_WARN_OBJC_IMPLICIT_RETAIN_SELF = YES;
				CLANG_WARN_OBJC_LITERAL_CONVERSION = YES;
				CLANG_WARN_OBJC_ROOT_CLASS = YES_ERROR;
				CLANG_WARN_RANGE_LOOP_ANALYSIS = YES;
				CLANG_WARN_STRICT_PROTOTYPES = YES;
				CLANG_WARN_SUSPICIOUS_MOVE = YES;
				CLANG_WARN_UNGUARDED_AVAILABILITY = YES_AGGRESSIVE;
				CLANG_WARN_UNREACHABLE_CODE = YES;
				CLANG_WARN__DUPLICATE_METHOD_MATCH = YES;
				CODE_SIGN_IDENTITY = "iPhone Developer";
				COPY_PHASE_STRIP = NO;
				DEBUG_INFORMATION_FORMAT = dwarf;
				ENABLE_STRICT_OBJC_MSGSEND = YES;
				ENABLE_TESTABILITY = YES;
				GCC_C_LANGUAGE_STANDARD = gnu11;
				GCC_DYNAMIC_NO_PIC = NO;
				GCC_NO_COMMON_BLOCKS = YES;
				GCC_OPTIMIZATION_LEVEL = 0;
				GCC_PREPROCESSOR_DEFINITIONS = (
					"DEBUG=1",
					"$(inherited)",
				);
				GCC_WARN_64_TO_32_BIT_CONVERSION = YES;
				GCC_WARN_ABOUT_RETURN_TYPE = YES_ERROR;
				GCC_WARN_UNDECLARED_SELECTOR = YES;
				GCC_WARN_UNINITIALIZED_AUTOS = YES_AGGRESSIVE;
				GCC_WARN_UNUSED_FUNCTION = YES;
				GCC_WARN_UNUSED_VARIABLE = YES;
				IPHONEOS_DEPLOYMENT_TARGET = 12.2;
				MTL_ENABLE_DEBUG_INFO = INCLUDE_SOURCE;
				MTL_FAST_MATH = YES;
				ONLY_ACTIVE_ARCH = YES;
				SDKROOT = iphoneos;
				SWIFT_ACTIVE_COMPILATION_CONDITIONS = DEBUG;
				SWIFT_OPTIMIZATION_LEVEL = "-Onone";
			};
			name = Debug;
		};
		47F120DA2441386D006CB18A /* Release */ = {
			isa = XCBuildConfiguration;
			buildSettings = {
				ALWAYS_SEARCH_USER_PATHS = NO;
				CLANG_ANALYZER_NONNULL = YES;
				CLANG_ANALYZER_NUMBER_OBJECT_CONVERSION = YES_AGGRESSIVE;
				CLANG_CXX_LANGUAGE_STANDARD = "gnu++14";
				CLANG_CXX_LIBRARY = "libc++";
				CLANG_ENABLE_MODULES = YES;
				CLANG_ENABLE_OBJC_ARC = YES;
				CLANG_ENABLE_OBJC_WEAK = YES;
				CLANG_WARN_BLOCK_CAPTURE_AUTORELEASING = YES;
				CLANG_WARN_BOOL_CONVERSION = YES;
				CLANG_WARN_COMMA = YES;
				CLANG_WARN_CONSTANT_CONVERSION = YES;
				CLANG_WARN_DEPRECATED_OBJC_IMPLEMENTATIONS = YES;
				CLANG_WARN_DIRECT_OBJC_ISA_USAGE = YES_ERROR;
				CLANG_WARN_DOCUMENTATION_COMMENTS = YES;
				CLANG_WARN_EMPTY_BODY = YES;
				CLANG_WARN_ENUM_CONVERSION = YES;
				CLANG_WARN_INFINITE_RECURSION = YES;
				CLANG_WARN_INT_CONVERSION = YES;
				CLANG_WARN_NON_LITERAL_NULL_CONVERSION = YES;
				CLANG_WARN_OBJC_IMPLICIT_RETAIN_SELF = YES;
				CLANG_WARN_OBJC_LITERAL_CONVERSION = YES;
				CLANG_WARN_OBJC_ROOT_CLASS = YES_ERROR;
				CLANG_WARN_RANGE_LOOP_ANALYSIS = YES;
				CLANG_WARN_STRICT_PROTOTYPES = YES;
				CLANG_WARN_SUSPICIOUS_MOVE = YES;
				CLANG_WARN_UNGUARDED_AVAILABILITY = YES_AGGRESSIVE;
				CLANG_WARN_UNREACHABLE_CODE = YES;
				CLANG_WARN__DUPLICATE_METHOD_MATCH = YES;
				CODE_SIGN_IDENTITY = "iPhone Developer";
				COPY_PHASE_STRIP = NO;
				DEBUG_INFORMATION_FORMAT = "dwarf-with-dsym";
				ENABLE_NS_ASSERTIONS = NO;
				ENABLE_STRICT_OBJC_MSGSEND = YES;
				GCC_C_LANGUAGE_STANDARD = gnu11;
				GCC_NO_COMMON_BLOCKS = YES;
				GCC_WARN_64_TO_32_BIT_CONVERSION = YES;
				GCC_WARN_ABOUT_RETURN_TYPE = YES_ERROR;
				GCC_WARN_UNDECLARED_SELECTOR = YES;
				GCC_WARN_UNINITIALIZED_AUTOS = YES_AGGRESSIVE;
				GCC_WARN_UNUSED_FUNCTION = YES;
				GCC_WARN_UNUSED_VARIABLE = YES;
				IPHONEOS_DEPLOYMENT_TARGET = 12.2;
				MTL_ENABLE_DEBUG_INFO = NO;
				MTL_FAST_MATH = YES;
				SDKROOT = iphoneos;
				SWIFT_COMPILATION_MODE = wholemodule;
				SWIFT_OPTIMIZATION_LEVEL = "-O";
				VALIDATE_PRODUCT = YES;
			};
			name = Release;
		};
		47F120DC2441386D006CB18A /* Debug */ = {
			isa = XCBuildConfiguration;
			buildSettings = {
				ASSETCATALOG_COMPILER_APPICON_NAME = AppIcon;
				CODE_SIGN_STYLE = Automatic;
				INFOPLIST_FILE = CodingAssign/Info.plist;
				LD_RUNPATH_SEARCH_PATHS = (
					"$(inherited)",
					"@executable_path/Frameworks",
				);
				PRODUCT_BUNDLE_IDENTIFIER = RG.CodingAssign;
				PRODUCT_NAME = "$(TARGET_NAME)";
				SWIFT_VERSION = 5.0;
				TARGETED_DEVICE_FAMILY = "1,2";
			};
			name = Debug;
		};
		47F120DD2441386D006CB18A /* Release */ = {
			isa = XCBuildConfiguration;
			buildSettings = {
				ASSETCATALOG_COMPILER_APPICON_NAME = AppIcon;
				CODE_SIGN_STYLE = Automatic;
				INFOPLIST_FILE = CodingAssign/Info.plist;
				LD_RUNPATH_SEARCH_PATHS = (
					"$(inherited)",
					"@executable_path/Frameworks",
				);
				PRODUCT_BUNDLE_IDENTIFIER = RG.CodingAssign;
				PRODUCT_NAME = "$(TARGET_NAME)";
				SWIFT_VERSION = 5.0;
				TARGETED_DEVICE_FAMILY = "1,2";
			};
			name = Release;
		};
		47F120DF2441386D006CB18A /* Debug */ = {
			isa = XCBuildConfiguration;
			buildSettings = {
				ALWAYS_EMBED_SWIFT_STANDARD_LIBRARIES = YES;
				BUNDLE_LOADER = "$(TEST_HOST)";
				CODE_SIGN_STYLE = Automatic;
				INFOPLIST_FILE = CodingAssignTests/Info.plist;
				LD_RUNPATH_SEARCH_PATHS = (
					"$(inherited)",
					"@executable_path/Frameworks",
					"@loader_path/Frameworks",
				);
				PRODUCT_BUNDLE_IDENTIFIER = RG.CodingAssignTests;
				PRODUCT_NAME = "$(TARGET_NAME)";
				SWIFT_VERSION = 5.0;
				TARGETED_DEVICE_FAMILY = "1,2";
				TEST_HOST = "$(BUILT_PRODUCTS_DIR)/CodingAssign.app/CodingAssign";
			};
			name = Debug;
		};
		47F120E02441386D006CB18A /* Release */ = {
			isa = XCBuildConfiguration;
			buildSettings = {
				ALWAYS_EMBED_SWIFT_STANDARD_LIBRARIES = YES;
				BUNDLE_LOADER = "$(TEST_HOST)";
				CODE_SIGN_STYLE = Automatic;
				INFOPLIST_FILE = CodingAssignTests/Info.plist;
				LD_RUNPATH_SEARCH_PATHS = (
					"$(inherited)",
					"@executable_path/Frameworks",
					"@loader_path/Frameworks",
				);
				PRODUCT_BUNDLE_IDENTIFIER = RG.CodingAssignTests;
				PRODUCT_NAME = "$(TARGET_NAME)";
				SWIFT_VERSION = 5.0;
				TARGETED_DEVICE_FAMILY = "1,2";
				TEST_HOST = "$(BUILT_PRODUCTS_DIR)/CodingAssign.app/CodingAssign";
			};
			name = Release;
		};
		47F121002448CD5B006CB18A /* Debug */ = {
			isa = XCBuildConfiguration;
			buildSettings = {
				BUNDLE_LOADER = "$(TEST_HOST)";
				CODE_SIGN_STYLE = Automatic;
				INFOPLIST_FILE = CodingAssignTestNetwork/Info.plist;
				LD_RUNPATH_SEARCH_PATHS = (
					"$(inherited)",
					"@executable_path/Frameworks",
					"@loader_path/Frameworks",
				);
				PRODUCT_BUNDLE_IDENTIFIER = RG.CodingAssignTestNetwork;
				PRODUCT_NAME = "$(TARGET_NAME)";
				SWIFT_VERSION = 5.0;
				TARGETED_DEVICE_FAMILY = "1,2";
				TEST_HOST = "$(BUILT_PRODUCTS_DIR)/CodingAssign.app/CodingAssign";
			};
			name = Debug;
		};
		47F121012448CD5B006CB18A /* Release */ = {
			isa = XCBuildConfiguration;
			buildSettings = {
				BUNDLE_LOADER = "$(TEST_HOST)";
				CODE_SIGN_STYLE = Automatic;
				INFOPLIST_FILE = CodingAssignTestNetwork/Info.plist;
				LD_RUNPATH_SEARCH_PATHS = (
					"$(inherited)",
					"@executable_path/Frameworks",
					"@loader_path/Frameworks",
				);
				PRODUCT_BUNDLE_IDENTIFIER = RG.CodingAssignTestNetwork;
				PRODUCT_NAME = "$(TARGET_NAME)";
				SWIFT_VERSION = 5.0;
				TARGETED_DEVICE_FAMILY = "1,2";
				TEST_HOST = "$(BUILT_PRODUCTS_DIR)/CodingAssign.app/CodingAssign";
			};
			name = Release;
		};
/* End XCBuildConfiguration section */

/* Begin XCConfigurationList section */
		47F120B624413869006CB18A /* Build configuration list for PBXProject "CodingAssign" */ = {
			isa = XCConfigurationList;
			buildConfigurations = (
				47F120D92441386D006CB18A /* Debug */,
				47F120DA2441386D006CB18A /* Release */,
			);
			defaultConfigurationIsVisible = 0;
			defaultConfigurationName = Release;
		};
		47F120DB2441386D006CB18A /* Build configuration list for PBXNativeTarget "CodingAssign" */ = {
			isa = XCConfigurationList;
			buildConfigurations = (
				47F120DC2441386D006CB18A /* Debug */,
				47F120DD2441386D006CB18A /* Release */,
			);
			defaultConfigurationIsVisible = 0;
			defaultConfigurationName = Release;
		};
		47F120DE2441386D006CB18A /* Build configuration list for PBXNativeTarget "CodingAssignTests" */ = {
			isa = XCConfigurationList;
			buildConfigurations = (
				47F120DF2441386D006CB18A /* Debug */,
				47F120E02441386D006CB18A /* Release */,
			);
			defaultConfigurationIsVisible = 0;
			defaultConfigurationName = Release;
		};
		47F120FF2448CD5B006CB18A /* Build configuration list for PBXNativeTarget "CodingAssignTestNetwork" */ = {
			isa = XCConfigurationList;
			buildConfigurations = (
				47F121002448CD5B006CB18A /* Debug */,
				47F121012448CD5B006CB18A /* Release */,
			);
			defaultConfigurationIsVisible = 0;
			defaultConfigurationName = Release;
		};
/* End XCConfigurationList section */

/* Begin XCVersionGroup section */
		47F120C524413869006CB18A /* CodingAssign.xcdatamodeld */ = {
			isa = XCVersionGroup;
			children = (
				47F120C624413869006CB18A /* CodingAssign.xcdatamodel */,
			);
			currentVersion = 47F120C624413869006CB18A /* CodingAssign.xcdatamodel */;
			path = CodingAssign.xcdatamodeld;
			sourceTree = "<group>";
			versionGroupType = wrapper.xcdatamodel;
		};
/* End XCVersionGroup section */
	};
	rootObject = 47F120B324413869006CB18A /* Project object */;
}
